<Solution>
  <Folder Name="/temporales/">
    <File Path="intrucciones.md" />
    <File Path="nombres_y_sp_solo_los_paramtros.md" />
  </Folder>
  <Project Path="Aplicacion/Aplicacion.csproj" />
  <Project Path="Domain/Domain.csproj" />
  <Project Path="Infraestructura/Infraestructura.csproj" />
  <Project Path="Presentacion/Presentacion.csproj" />
</Solution>
